
Microsoft Visual Studio Solution File, Format Version 12.00
# Visual Studio Version 17
VisualStudioVersion = 17.1.32421.90
MinimumVisualStudioVersion = 10.0.40219.1
Project("{9A19103F-16F7-4668-BE54-9A1E7A4F7556}") = "ECommerce.API", "ECommerce.API\ECommerce.API.csproj", "{9DBF5213-8C56-4AC6-9E58-4401E530D53A}"
EndProject
Project("{2150E333-8FDC-42A3-9474-1A3956D46DE8}") = "src", "src", "{843F296F-564E-4B83-B61D-BBB65780045D}"
EndProject
Project("{2150E333-8FDC-42A3-9474-1A3956D46DE8}") = "Tests", "Tests", "{D81E1A69-A3A1-4664-A7D9-E8F6D8D2DE02}"
EndProject
Project("{2150E333-8FDC-42A3-9474-1A3956D46DE8}") = "WebApp", "WebApp", "{96EF590C-6B5C-4ED6-8081-13A9A554826A}"
EndProject
Project("{2150E333-8FDC-42A3-9474-1A3956D46DE8}") = "Presentation", "Presentation", "{95BEC5EF-792E-43AD-A29A-17F24FFF8E4D}"
EndProject
Project("{2150E333-8FDC-42A3-9474-1A3956D46DE8}") = "Domain", "Domain", "{44F0584E-0436-4253-9997-E82DACAAABF2}"
EndProject
Project("{2150E333-8FDC-42A3-9474-1A3956D46DE8}") = "Service", "Service", "{E34F1731-6998-4CA8-9BA0-8F4CB123B6E1}"
EndProject
Project("{9A19103F-16F7-4668-BE54-9A1E7A4F7556}") = "Ecommerce.Entities", "Ecommerce.Entities\Ecommerce.Entities.csproj", "{73B3AA5D-6E43-45C8-BE61-1E51771FBBC5}"
EndProject
Project("{9A19103F-16F7-4668-BE54-9A1E7A4F7556}") = "ECommerce.Front.BolouriGroup", "ECommerce.Front.BolouriGroup\ECommerce.Front.BolouriGroup.csproj", "{3045AFD7-60C6-4BAE-8299-D3C815644370}"
EndProject
Project("{9A19103F-16F7-4668-BE54-9A1E7A4F7556}") = "ECommerce.Services", "ECommerce.Services\ECommerce.Services.csproj", "{E78785FB-1F46-425D-A7B6-9E731C3DD1DB}"
EndProject
Project("{9A19103F-16F7-4668-BE54-9A1E7A4F7556}") = "ECommerce.Front.ArshaHamrah", "ECommerce.Front.ArshaHamrah\ECommerce.Front.ArshaHamrah.csproj", "{E4D6CD29-56FC-4584-9F88-4CAC973FCCF4}"
EndProject
Project("{9A19103F-16F7-4668-BE54-9A1E7A4F7556}") = "PersianTranslation", "PersianTranslation\PersianTranslation.csproj", "{E81283A6-774B-47EE-B8BD-06AE9883FED5}"
EndProject
Project("{2150E333-8FDC-42A3-9474-1A3956D46DE8}") = "Application", "Application", "{6BDA89CE-C389-4B05-A6C9-63817C12D7C1}"
EndProject
Project("{9A19103F-16F7-4668-BE54-9A1E7A4F7556}") = "ECommerce.Application", "ECommerce.Application\ECommerce.Application.csproj", "{463952AC-93B4-4BF6-8FB1-595AFBD22485}"
EndProject
Project("{9A19103F-16F7-4668-BE54-9A1E7A4F7556}") = "ECommerce.Front.Admin", "ECommerce.Front.Admin\ECommerce.Front.Admin.csproj", "{94C7EB21-FF1F-42C5-8053-1FAF611307D0}"
EndProject
Project("{9A19103F-16F7-4668-BE54-9A1E7A4F7556}") = "ECommerce.ControllersTests", "EcommerceTestProject\ECommerce.ControllersTests.csproj", "{9DA0FF17-4157-4D4D-BB03-DE64C916B0BB}"
EndProject
Project("{9A19103F-16F7-4668-BE54-9A1E7A4F7556}") = "ECommerce.Repository.UnitTests", "ECommerce.Repository.UnitTests\ECommerce.Repository.UnitTests.csproj", "{E1B85E27-6798-4868-A502-79806FF47937}"
EndProject
Project("{FAE04EC0-301F-11D3-BF4B-00C04F79EFBC}") = "ECommerce.Benchmark", "Ecommerce.Benchmark\ECommerce.Benchmark.csproj", "{8E8DB003-688E-49E3-9B86-9669D2E8D4B2}"
EndProject
Global
	GlobalSection(SolutionConfigurationPlatforms) = preSolution
		Debug|Any CPU = Debug|Any CPU
		Release|Any CPU = Release|Any CPU
	EndGlobalSection
	GlobalSection(ProjectConfigurationPlatforms) = postSolution
		{9DBF5213-8C56-4AC6-9E58-4401E530D53A}.Debug|Any CPU.ActiveCfg = Debug|Any CPU
		{9DBF5213-8C56-4AC6-9E58-4401E530D53A}.Debug|Any CPU.Build.0 = Debug|Any CPU
		{9DBF5213-8C56-4AC6-9E58-4401E530D53A}.Release|Any CPU.ActiveCfg = Release|Any CPU
		{9DBF5213-8C56-4AC6-9E58-4401E530D53A}.Release|Any CPU.Build.0 = Release|Any CPU
		{73B3AA5D-6E43-45C8-BE61-1E51771FBBC5}.Debug|Any CPU.ActiveCfg = Debug|Any CPU
		{73B3AA5D-6E43-45C8-BE61-1E51771FBBC5}.Debug|Any CPU.Build.0 = Debug|Any CPU
		{73B3AA5D-6E43-45C8-BE61-1E51771FBBC5}.Release|Any CPU.ActiveCfg = Release|Any CPU
		{73B3AA5D-6E43-45C8-BE61-1E51771FBBC5}.Release|Any CPU.Build.0 = Release|Any CPU
		{3045AFD7-60C6-4BAE-8299-D3C815644370}.Debug|Any CPU.ActiveCfg = Debug|Any CPU
		{3045AFD7-60C6-4BAE-8299-D3C815644370}.Debug|Any CPU.Build.0 = Debug|Any CPU
		{3045AFD7-60C6-4BAE-8299-D3C815644370}.Release|Any CPU.ActiveCfg = Release|Any CPU
		{3045AFD7-60C6-4BAE-8299-D3C815644370}.Release|Any CPU.Build.0 = Release|Any CPU
		{E78785FB-1F46-425D-A7B6-9E731C3DD1DB}.Debug|Any CPU.ActiveCfg = Debug|Any CPU
		{E78785FB-1F46-425D-A7B6-9E731C3DD1DB}.Debug|Any CPU.Build.0 = Debug|Any CPU
		{E78785FB-1F46-425D-A7B6-9E731C3DD1DB}.Release|Any CPU.ActiveCfg = Release|Any CPU
		{E78785FB-1F46-425D-A7B6-9E731C3DD1DB}.Release|Any CPU.Build.0 = Release|Any CPU
		{E4D6CD29-56FC-4584-9F88-4CAC973FCCF4}.Debug|Any CPU.ActiveCfg = Debug|Any CPU
		{E4D6CD29-56FC-4584-9F88-4CAC973FCCF4}.Debug|Any CPU.Build.0 = Debug|Any CPU
		{E4D6CD29-56FC-4584-9F88-4CAC973FCCF4}.Release|Any CPU.ActiveCfg = Release|Any CPU
		{E4D6CD29-56FC-4584-9F88-4CAC973FCCF4}.Release|Any CPU.Build.0 = Release|Any CPU
		{E81283A6-774B-47EE-B8BD-06AE9883FED5}.Debug|Any CPU.ActiveCfg = Debug|Any CPU
		{E81283A6-774B-47EE-B8BD-06AE9883FED5}.Debug|Any CPU.Build.0 = Debug|Any CPU
		{E81283A6-774B-47EE-B8BD-06AE9883FED5}.Release|Any CPU.ActiveCfg = Release|Any CPU
		{E81283A6-774B-47EE-B8BD-06AE9883FED5}.Release|Any CPU.Build.0 = Release|Any CPU
		{463952AC-93B4-4BF6-8FB1-595AFBD22485}.Debug|Any CPU.ActiveCfg = Debug|Any CPU
		{463952AC-93B4-4BF6-8FB1-595AFBD22485}.Debug|Any CPU.Build.0 = Debug|Any CPU
		{463952AC-93B4-4BF6-8FB1-595AFBD22485}.Release|Any CPU.ActiveCfg = Release|Any CPU
		{463952AC-93B4-4BF6-8FB1-595AFBD22485}.Release|Any CPU.Build.0 = Release|Any CPU
		{94C7EB21-FF1F-42C5-8053-1FAF611307D0}.Debug|Any CPU.ActiveCfg = Debug|Any CPU
		{94C7EB21-FF1F-42C5-8053-1FAF611307D0}.Debug|Any CPU.Build.0 = Debug|Any CPU
		{94C7EB21-FF1F-42C5-8053-1FAF611307D0}.Release|Any CPU.ActiveCfg = Release|Any CPU
		{94C7EB21-FF1F-42C5-8053-1FAF611307D0}.Release|Any CPU.Build.0 = Release|Any CPU
		{9DA0FF17-4157-4D4D-BB03-DE64C916B0BB}.Debug|Any CPU.ActiveCfg = Debug|Any CPU
		{9DA0FF17-4157-4D4D-BB03-DE64C916B0BB}.Debug|Any CPU.Build.0 = Debug|Any CPU
		{9DA0FF17-4157-4D4D-BB03-DE64C916B0BB}.Release|Any CPU.ActiveCfg = Release|Any CPU
		{9DA0FF17-4157-4D4D-BB03-DE64C916B0BB}.Release|Any CPU.Build.0 = Release|Any CPU
		{E1B85E27-6798-4868-A502-79806FF47937}.Debug|Any CPU.ActiveCfg = Debug|Any CPU
		{E1B85E27-6798-4868-A502-79806FF47937}.Debug|Any CPU.Build.0 = Debug|Any CPU
		{E1B85E27-6798-4868-A502-79806FF47937}.Release|Any CPU.ActiveCfg = Release|Any CPU
		{E1B85E27-6798-4868-A502-79806FF47937}.Release|Any CPU.Build.0 = Release|Any CPU
		{8E8DB003-688E-49E3-9B86-9669D2E8D4B2}.Debug|Any CPU.ActiveCfg = Debug|Any CPU
		{8E8DB003-688E-49E3-9B86-9669D2E8D4B2}.Debug|Any CPU.Build.0 = Debug|Any CPU
		{8E8DB003-688E-49E3-9B86-9669D2E8D4B2}.Release|Any CPU.ActiveCfg = Release|Any CPU
		{8E8DB003-688E-49E3-9B86-9669D2E8D4B2}.Release|Any CPU.Build.0 = Release|Any CPU
	EndGlobalSection
	GlobalSection(SolutionProperties) = preSolution
		HideSolutionNode = FALSE
	EndGlobalSection
	GlobalSection(NestedProjects) = preSolution
		{9DBF5213-8C56-4AC6-9E58-4401E530D53A} = {95BEC5EF-792E-43AD-A29A-17F24FFF8E4D}
		{96EF590C-6B5C-4ED6-8081-13A9A554826A} = {843F296F-564E-4B83-B61D-BBB65780045D}
		{95BEC5EF-792E-43AD-A29A-17F24FFF8E4D} = {843F296F-564E-4B83-B61D-BBB65780045D}
		{44F0584E-0436-4253-9997-E82DACAAABF2} = {843F296F-564E-4B83-B61D-BBB65780045D}
		{E34F1731-6998-4CA8-9BA0-8F4CB123B6E1} = {843F296F-564E-4B83-B61D-BBB65780045D}
		{73B3AA5D-6E43-45C8-BE61-1E51771FBBC5} = {44F0584E-0436-4253-9997-E82DACAAABF2}
		{3045AFD7-60C6-4BAE-8299-D3C815644370} = {96EF590C-6B5C-4ED6-8081-13A9A554826A}
		{E78785FB-1F46-425D-A7B6-9E731C3DD1DB} = {E34F1731-6998-4CA8-9BA0-8F4CB123B6E1}
		{E4D6CD29-56FC-4584-9F88-4CAC973FCCF4} = {96EF590C-6B5C-4ED6-8081-13A9A554826A}
		{E81283A6-774B-47EE-B8BD-06AE9883FED5} = {44F0584E-0436-4253-9997-E82DACAAABF2}
		{6BDA89CE-C389-4B05-A6C9-63817C12D7C1} = {843F296F-564E-4B83-B61D-BBB65780045D}
		{463952AC-93B4-4BF6-8FB1-595AFBD22485} = {6BDA89CE-C389-4B05-A6C9-63817C12D7C1}
		{94C7EB21-FF1F-42C5-8053-1FAF611307D0} = {96EF590C-6B5C-4ED6-8081-13A9A554826A}
		{9DA0FF17-4157-4D4D-BB03-DE64C916B0BB} = {D81E1A69-A3A1-4664-A7D9-E8F6D8D2DE02}
		{E1B85E27-6798-4868-A502-79806FF47937} = {D81E1A69-A3A1-4664-A7D9-E8F6D8D2DE02}
		{8E8DB003-688E-49E3-9B86-9669D2E8D4B2} = {D81E1A69-A3A1-4664-A7D9-E8F6D8D2DE02}
	EndGlobalSection
	GlobalSection(ExtensibilityGlobals) = postSolution
		SolutionGuid = {9D8D4786-97E5-49C4-A207-2C1204E761E4}
	EndGlobalSection
EndGlobal
